
Microsoft Visual Studio Solution File, Format Version 12.00
# Visual Studio 15
VisualStudioVersion = 15.0.28010.2046
MinimumVisualStudioVersion = 10.0.40219.1
Project("{FAE04EC0-301F-11D3-BF4B-00C04F79EFBC}") = "AreaOfACirle", "AreaOfACirle\AreaOfACirle.csproj", "{88EE3852-215D-4058-9899-33BD7182DD7A}"
EndProject
Global
	GlobalSection(SolutionConfigurationPlatforms) = preSolution
		Debug|Any CPU = Debug|Any CPU
		Release|Any CPU = Release|Any CPU
	EndGlobalSection
	GlobalSection(ProjectConfigurationPlatforms) = postSolution
		{88EE3852-215D-4058-9899-33BD7182DD7A}.Debug|Any CPU.ActiveCfg = Debug|Any CPU
		{88EE3852-215D-4058-9899-33BD7182DD7A}.Debug|Any CPU.Build.0 = Debug|Any CPU
		{88EE3852-215D-4058-9899-33BD7182DD7A}.Release|Any CPU.ActiveCfg = Release|Any CPU
		{88EE3852-215D-4058-9899-33BD7182DD7A}.Release|Any CPU.Build.0 = Release|Any CPU
	EndGlobalSection
	GlobalSection(SolutionProperties) = preSolution
		HideSolutionNode = FALSE
	EndGlobalSection
	GlobalSection(ExtensibilityGlobals) = postSolution
		SolutionGuid = {17F57BB8-2EF2-423C-A880-36B66C993192}
	EndGlobalSection
EndGlobal
